
Microsoft Visual Studio Solution File, Format Version 12.00
# Visual Studio Version 17
VisualStudioVersion = 17.13.35919.96 d17.13
MinimumVisualStudioVersion = 10.0.40219.1
Project("{FAE04EC0-301F-11D3-BF4B-00C04F79EFBC}") = "WindowsFormsApp2", "WindowsFormsApp2\WindowsFormsApp2.csproj", "{15044A51-7F02-4B20-84E6-EE7B5479B0CE}"
EndProject
Global
	GlobalSection(SolutionConfigurationPlatforms) = preSolution
		Debug|Any CPU = Debug|Any CPU
		Release|Any CPU = Release|Any CPU
	EndGlobalSection
	GlobalSection(ProjectConfigurationPlatforms) = postSolution
		{15044A51-7F02-4B20-84E6-EE7B5479B0CE}.Debug|Any CPU.ActiveCfg = Debug|Any CPU
		{15044A51-7F02-4B20-84E6-EE7B5479B0CE}.Debug|Any CPU.Build.0 = Debug|Any CPU
		{15044A51-7F02-4B20-84E6-EE7B5479B0CE}.Release|Any CPU.ActiveCfg = Release|Any CPU
		{15044A51-7F02-4B20-84E6-EE7B5479B0CE}.Release|Any CPU.Build.0 = Release|Any CPU
	EndGlobalSection
	GlobalSection(SolutionProperties) = preSolution
		HideSolutionNode = FALSE
	EndGlobalSection
	GlobalSection(ExtensibilityGlobals) = postSolution
		SolutionGuid = {70102DE3-D518-4C94-8308-2F9A9FABC945}
	EndGlobalSection
EndGlobal
